
Microsoft Visual Studio Solution File, Format Version 12.00
# Visual Studio Version 17
VisualStudioVersion = 17.4.33213.308
MinimumVisualStudioVersion = 10.0.40219.1
Project("{FAE04EC0-301F-11D3-BF4B-00C04F79EFBC}") = "WindowsFormsApp1", "WindowsFormsApp1\WindowsFormsApp1.csproj", "{F879B633-4BDC-4A4E-9E98-0930C9EB555F}"
EndProject
Global
	GlobalSection(SolutionConfigurationPlatforms) = preSolution
		Debug|Any CPU = Debug|Any CPU
		Release|Any CPU = Release|Any CPU
	EndGlobalSection
	GlobalSection(ProjectConfigurationPlatforms) = postSolution
		{F879B633-4BDC-4A4E-9E98-0930C9EB555F}.Debug|Any CPU.ActiveCfg = Debug|Any CPU
		{F879B633-4BDC-4A4E-9E98-0930C9EB555F}.Debug|Any CPU.Build.0 = Debug|Any CPU
		{F879B633-4BDC-4A4E-9E98-0930C9EB555F}.Release|Any CPU.ActiveCfg = Release|Any CPU
		{F879B633-4BDC-4A4E-9E98-0930C9EB555F}.Release|Any CPU.Build.0 = Release|Any CPU
	EndGlobalSection
	GlobalSection(SolutionProperties) = preSolution
		HideSolutionNode = FALSE
	EndGlobalSection
	GlobalSection(ExtensibilityGlobals) = postSolution
		SolutionGuid = {26D78BDF-509A-423E-BBD5-09B5F96FCC02}
	EndGlobalSection
EndGlobal
